[[package]]
name = "pygame"
version = "2.5.2"
description = "Python Game Development"
category = "main"
optional = false
python-versions = ">=3.6"

[metadata]
lock-version = "1.1"
python-versions = "^3.10"
content-hash = "d455cccde21b87371775f4fd09e19655f080c2160a8fc3c68e2593db9f61738f"

[metadata.files]
pygame = []
